// !$*UTF8*$!
{
	archiveVersion = 1;
	classes = {
	};
	objectVersion = 46;
	objects = {

/* Begin PBXBuildFile section */
		79EEDE6E1D702C8600CCA659 /* AppDelegate.m in Sources */ = {isa = PBXBuildFile; fileRef = 79EEDE641D702C8600CCA659 /* AppDelegate.m */; };
		79EEDE6F1D702C8600CCA659 /* Assets.xcassets in Resources */ = {isa = PBXBuildFile; fileRef = 79EEDE671D702C8600CCA659 /* Assets.xcassets */; };
		79EEDE701D702C8600CCA659 /* LaunchScreen.storyboard in Resources */ = {isa = PBXBuildFile; fileRef = 79EEDE681D702C8600CCA659 /* LaunchScreen.storyboard */; };
		79EEDE711D702C8600CCA659 /* Main.storyboard in Resources */ = {isa = PBXBuildFile; fileRef = 79EEDE6A1D702C8600CCA659 /* Main.storyboard */; };
		79EEDE721D702C8600CCA659 /* Info.plist in Resources */ = {isa = PBXBuildFile; fileRef = 79EEDE6C1D702C8600CCA659 /* Info.plist */; };
		79EEDE731D702C8600CCA659 /* main.m in Sources */ = {isa = PBXBuildFile; fileRef = 79EEDE6D1D702C8600CCA659 /* main.m */; };
		79EEDE771D702C9D00CCA659 /* ViewController.m in Sources */ = {isa = PBXBuildFile; fileRef = 79EEDE761D702C9D00CCA659 /* ViewController.m */; };
/* End PBXBuildFile section */

/* Begin PBXFileReference section */
		79EEDE481D702A1F00CCA659 /* CoreData-Demo.app */ = {isa = PBXFileReference; explicitFileType = wrapper.application; includeInIndex = 0; path = "CoreData-Demo.app"; sourceTree = BUILT_PRODUCTS_DIR; };
		79EEDE631D702C8600CCA659 /* AppDelegate.h */ = {isa = PBXFileReference; fileEncoding = 4; lastKnownFileType = sourcecode.c.h; path = AppDelegate.h; sourceTree = "<group>"; };
		79EEDE641D702C8600CCA659 /* AppDelegate.m */ = {isa = PBXFileReference; fileEncoding = 4; lastKnownFileType = sourcecode.c.objc; path = AppDelegate.m; sourceTree = "<group>"; };
		79EEDE671D702C8600CCA659 /* Assets.xcassets */ = {isa = PBXFileReference; lastKnownFileType = folder.assetcatalog; path = Assets.xcassets; sourceTree = "<group>"; };
		79EEDE691D702C8600CCA659 /* Base */ = {isa = PBXFileReference; lastKnownFileType = file.storyboard; name = Base; path = Base.lproj/LaunchScreen.storyboard; sourceTree = "<group>"; };
		79EEDE6B1D702C8600CCA659 /* Base */ = {isa = PBXFileReference; lastKnownFileType = file.storyboard; name = Base; path = Base.lproj/Main.storyboard; sourceTree = "<group>"; };
		79EEDE6C1D702C8600CCA659 /* Info.plist */ = {isa = PBXFileReference; fileEncoding = 4; lastKnownFileType = text.plist.xml; path = Info.plist; sourceTree = "<group>"; };
		79EEDE6D1D702C8600CCA659 /* main.m */ = {isa = PBXFileReference; fileEncoding = 4; lastKnownFileType = sourcecode.c.objc; path = main.m; sourceTree = "<group>"; };
		79EEDE751D702C9D00CCA659 /* ViewController.h */ = {isa = PBXFileReference; fileEncoding = 4; lastKnownFileType = sourcecode.c.h; path = ViewController.h; sourceTree = "<group>"; };
		79EEDE761D702C9D00CCA659 /* ViewController.m */ = {isa = PBXFileReference; fileEncoding = 4; lastKnownFileType = sourcecode.c.objc; path = ViewController.m; sourceTree = "<group>"; };
/* End PBXFileReference section */

/* Begin PBXFrameworksBuildPhase section */
		79EEDE451D702A1F00CCA659 /* Frameworks */ = {
			isa = PBXFrameworksBuildPhase;
			buildActionMask = 2147483647;
			files = (
			);
			runOnlyForDeploymentPostprocessing = 0;
		};
/* End PBXFrameworksBuildPhase section */

/* Begin PBXGroup section */
		79EEDE3F1D702A1F00CCA659 = {
			isa = PBXGroup;
			children = (
				79EEDE4A1D702A1F00CCA659 /* CoreData-Demo */,
				79EEDE491D702A1F00CCA659 /* Products */,
			);
			sourceTree = "<group>";
		};
		79EEDE491D702A1F00CCA659 /* Products */ = {
			isa = PBXGroup;
			children = (
				79EEDE481D702A1F00CCA659 /* CoreData-Demo.app */,
			);
			name = Products;
			sourceTree = "<group>";
		};
		79EEDE4A1D702A1F00CCA659 /* CoreData-Demo */ = {
			isa = PBXGroup;
			children = (
				79EEDE741D702C9D00CCA659 /* Classes */,
				79EEDE621D702C8600CCA659 /* AppDelegate */,
				79EEDE651D702C8600CCA659 /* Model File */,
				79EEDE661D702C8600CCA659 /* System File */,
			);
			path = "CoreData-Demo";
			sourceTree = "<group>";
		};
		79EEDE621D702C8600CCA659 /* AppDelegate */ = {
			isa = PBXGroup;
			children = (
				79EEDE631D702C8600CCA659 /* AppDelegate.h */,
				79EEDE641D702C8600CCA659 /* AppDelegate.m */,
			);
			path = AppDelegate;
			sourceTree = "<group>";
		};
		79EEDE651D702C8600CCA659 /* Model File */ = {
			isa = PBXGroup;
			children = (
			);
			path = "Model File";
			sourceTree = "<group>";
		};
		79EEDE661D702C8600CCA659 /* System File */ = {
			isa = PBXGroup;
			children = (
				79EEDE671D702C8600CCA659 /* Assets.xcassets */,
				79EEDE681D702C8600CCA659 /* LaunchScreen.storyboard */,
				79EEDE6A1D702C8600CCA659 /* Main.storyboard */,
				79EEDE6C1D702C8600CCA659 /* Info.plist */,
				79EEDE6D1D702C8600CCA659 /* main.m */,
			);
			path = "System File";
			sourceTree = "<group>";
		};
		79EEDE741D702C9D00CCA659 /* Classes */ = {
			isa = PBXGroup;
			children = (
				79EEDE751D702C9D00CCA659 /* ViewController.h */,
				79EEDE761D702C9D00CCA659 /* ViewController.m */,
			);
			path = Classes;
			sourceTree = "<group>";
		};
/* End PBXGroup section */

/* Begin PBXNativeTarget section */
		79EEDE471D702A1F00CCA659 /* CoreData-Demo */ = {
			isa = PBXNativeTarget;
			buildConfigurationList = 79EEDE5F1D702A1F00CCA659 /* Build configuration list for PBXNativeTarget "CoreData-Demo" */;
			buildPhases = (
				79EEDE441D702A1F00CCA659 /* Sources */,
				79EEDE451D702A1F00CCA659 /* Frameworks */,
				79EEDE461D702A1F00CCA659 /* Resources */,
			);
			buildRules = (
			);
			dependencies = (
			);
			name = "CoreData-Demo";
			productName = "CoreData-Demo";
			productReference = 79EEDE481D702A1F00CCA659 /* CoreData-Demo.app */;
			productType = "com.apple.product-type.application";
		};
/* End PBXNativeTarget section */

/* Begin PBXProject section */
		79EEDE401D702A1F00CCA659 /* Project object */ = {
			isa = PBXProject;
			attributes = {
				LastUpgradeCheck = 0710;
				ORGANIZATIONNAME = "刘小壮";
				TargetAttributes = {
					79EEDE471D702A1F00CCA659 = {
						CreatedOnToolsVersion = 7.1;
					};
				};
			};
			buildConfigurationList = 79EEDE431D702A1F00CCA659 /* Build configuration list for PBXProject "CoreData-Demo" */;
			compatibilityVersion = "Xcode 3.2";
			developmentRegion = English;
			hasScannedForEncodings = 0;
			knownRegions = (
				en,
				Base,
			);
			mainGroup = 79EEDE3F1D702A1F00CCA659;
			productRefGroup = 79EEDE491D702A1F00CCA659 /* Products */;
			projectDirPath = "";
			projectRoot = "";
			targets = (
				79EEDE471D702A1F00CCA659 /* CoreData-Demo */,
			);
		};
/* End PBXProject section */

/* Begin PBXResourcesBuildPhase section */
		79EEDE461D702A1F00CCA659 /* Resources */ = {
			isa = PBXResourcesBuildPhase;
			buildActionMask = 2147483647;
			files = (
				79EEDE721D702C8600CCA659 /* Info.plist in Resources */,
				79EEDE711D702C8600CCA659 /* Main.storyboard in Resources */,
				79EEDE6F1D702C8600CCA659 /* Assets.xcassets in Resources */,
				79EEDE701D702C8600CCA659 /* LaunchScreen.storyboard in Resources */,
			);
			runOnlyForDeploymentPostprocessing = 0;
		};
/* End PBXResourcesBuildPhase section */

/* Begin PBXSourcesBuildPhase section */
		79EEDE441D702A1F00CCA659 /* Sources */ = {
			isa = PBXSourcesBuildPhase;
			buildActionMask = 2147483647;
			files = (
				79EEDE6E1D702C8600CCA659 /* AppDelegate.m in Sources */,
				79EEDE731D702C8600CCA659 /* main.m in Sources */,
				79EEDE771D702C9D00CCA659 /* ViewController.m in Sources */,
			);
			runOnlyForDeploymentPostprocessing = 0;
		};
/* End PBXSourcesBuildPhase section */

/* Begin PBXVariantGroup section */
		79EEDE681D702C8600CCA659 /* LaunchScreen.storyboard */ = {
			isa = PBXVariantGroup;
			children = (
				79EEDE691D702C8600CCA659 /* Base */,
			);
			name = LaunchScreen.storyboard;
			sourceTree = "<group>";
		};
		79EEDE6A1D702C8600CCA659 /* Main.storyboard */ = {
			isa = PBXVariantGroup;
			children = (
				79EEDE6B1D702C8600CCA659 /* Base */,
			);
			name = Main.storyboard;
			sourceTree = "<group>";
		};
/* End PBXVariantGroup section */

/* Begin XCBuildConfiguration section */
		79EEDE5D1D702A1F00CCA659 /* Debug */ = {
			isa = XCBuildConfiguration;
			buildSettings = {
				ALWAYS_SEARCH_USER_PATHS = NO;
				CLANG_CXX_LANGUAGE_STANDARD = "gnu++0x";
				CLANG_CXX_LIBRARY = "libc++";
				CLANG_ENABLE_MODULES = YES;
				CLANG_ENABLE_OBJC_ARC = YES;
				CLANG_WARN_BOOL_CONVERSION = YES;
				CLANG_WARN_CONSTANT_CONVERSION = YES;
				CLANG_WARN_DIRECT_OBJC_ISA_USAGE = YES_ERROR;
				CLANG_WARN_EMPTY_BODY = YES;
				CLANG_WARN_ENUM_CONVERSION = YES;
				CLANG_WARN_INT_CONVERSION = YES;
				CLANG_WARN_OBJC_ROOT_CLASS = YES_ERROR;
				CLANG_WARN_UNREACHABLE_CODE = YES;
				CLANG_WARN__DUPLICATE_METHOD_MATCH = YES;
				"CODE_SIGN_IDENTITY[sdk=iphoneos*]" = "iPhone Developer";
				COPY_PHASE_STRIP = NO;
				DEBUG_INFORMATION_FORMAT = dwarf;
				ENABLE_STRICT_OBJC_MSGSEND = YES;
				ENABLE_TESTABILITY = YES;
				GCC_C_LANGUAGE_STANDARD = gnu99;
				GCC_DYNAMIC_NO_PIC = NO;
				GCC_NO_COMMON_BLOCKS = YES;
				GCC_OPTIMIZATION_LEVEL = 0;
				GCC_PREPROCESSOR_DEFINITIONS = (
					"DEBUG=1",
					"$(inherited)",
				);
				GCC_WARN_64_TO_32_BIT_CONVERSION = YES;
				GCC_WARN_ABOUT_RETURN_TYPE = YES_ERROR;
				GCC_WARN_UNDECLARED_SELECTOR = YES;
				GCC_WARN_UNINITIALIZED_AUTOS = YES_AGGRESSIVE;
				GCC_WARN_UNUSED_FUNCTION = YES;
				GCC_WARN_UNUSED_VARIABLE = YES;
				IPHONEOS_DEPLOYMENT_TARGET = 9.1;
				MTL_ENABLE_DEBUG_INFO = YES;
				ONLY_ACTIVE_ARCH = YES;
				SDKROOT = iphoneos;
			};
			name = Debug;
		};
		79EEDE5E1D702A1F00CCA659 /* Release */ = {
			isa = XCBuildConfiguration;
			buildSettings = {
				ALWAYS_SEARCH_USER_PATHS = NO;
				CLANG_CXX_LANGUAGE_STANDARD = "gnu++0x";
				CLANG_CXX_LIBRARY = "libc++";
				CLANG_ENABLE_MODULES = YES;
				CLANG_ENABLE_OBJC_ARC = YES;
				CLANG_WARN_BOOL_CONVERSION = YES;
				CLANG_WARN_CONSTANT_CONVERSION = YES;
				CLANG_WARN_DIRECT_OBJC_ISA_USAGE = YES_ERROR;
				CLANG_WARN_EMPTY_BODY = YES;
				CLANG_WARN_ENUM_CONVERSION = YES;
				CLANG_WARN_INT_CONVERSION = YES;
				CLANG_WARN_OBJC_ROOT_CLASS = YES_ERROR;
				CLANG_WARN_UNREACHABLE_CODE = YES;
				CLANG_WARN__DUPLICATE_METHOD_MATCH = YES;
				"CODE_SIGN_IDENTITY[sdk=iphoneos*]" = "iPhone Developer";
				COPY_PHASE_STRIP = NO;
				DEBUG_INFORMATION_FORMAT = "dwarf-with-dsym";
				ENABLE_NS_ASSERTIONS = NO;
				ENABLE_STRICT_OBJC_MSGSEND = YES;
				GCC_C_LANGUAGE_STANDARD = gnu99;
				GCC_NO_COMMON_BLOCKS = YES;
				GCC_WARN_64_TO_32_BIT_CONVERSION = YES;
				GCC_WARN_ABOUT_RETURN_TYPE = YES_ERROR;
				GCC_WARN_UNDECLARED_SELECTOR = YES;
				GCC_WARN_UNINITIALIZED_AUTOS = YES_AGGRESSIVE;
				GCC_WARN_UNUSED_FUNCTION = YES;
				GCC_WARN_UNUSED_VARIABLE = YES;
				IPHONEOS_DEPLOYMENT_TARGET = 9.1;
				MTL_ENABLE_DEBUG_INFO = NO;
				SDKROOT = iphoneos;
				VALIDATE_PRODUCT = YES;
			};
			name = Release;
		};
		79EEDE601D702A1F00CCA659 /* Debug */ = {
			isa = XCBuildConfiguration;
			buildSettings = {
				ASSETCATALOG_COMPILER_APPICON_NAME = AppIcon;
				INFOPLIST_FILE = "$(SRCROOT)/CoreData-Demo/System File/Info.plist";
				LD_RUNPATH_SEARCH_PATHS = "$(inherited) @executable_path/Frameworks";
				PRODUCT_BUNDLE_IDENTIFIER = "com.liuxiaozhuang.CoreData-Demo";
				PRODUCT_NAME = "$(TARGET_NAME)";
			};
			name = Debug;
		};
		79EEDE611D702A1F00CCA659 /* Release */ = {
			isa = XCBuildConfiguration;
			buildSettings = {
				ASSETCATALOG_COMPILER_APPICON_NAME = AppIcon;
				INFOPLIST_FILE = "$(SRCROOT)/CoreData-Demo/System File/Info.plist";
				LD_RUNPATH_SEARCH_PATHS = "$(inherited) @executable_path/Frameworks";
				PRODUCT_BUNDLE_IDENTIFIER = "com.liuxiaozhuang.CoreData-Demo";
				PRODUCT_NAME = "$(TARGET_NAME)";
			};
			name = Release;
		};
/* End XCBuildConfiguration section */

/* Begin XCConfigurationList section */
		79EEDE431D702A1F00CCA659 /* Build configuration list for PBXProject "CoreData-Demo" */ = {
			isa = XCConfigurationList;
			buildConfigurations = (
				79EEDE5D1D702A1F00CCA659 /* Debug */,
				79EEDE5E1D702A1F00CCA659 /* Release */,
			);
			defaultConfigurationIsVisible = 0;
			defaultConfigurationName = Release;
		};
		79EEDE5F1D702A1F00CCA659 /* Build configuration list for PBXNativeTarget "CoreData-Demo" */ = {
			isa = XCConfigurationList;
			buildConfigurations = (
				79EEDE601D702A1F00CCA659 /* Debug */,
				79EEDE611D702A1F00CCA659 /* Release */,
			);
			defaultConfigurationIsVisible = 0;
		};
/* End XCConfigurationList section */
	};
	rootObject = 79EEDE401D702A1F00CCA659 /* Project object */;
}
